{
  "name": "designo",
  "version": "0.1.0",
  "lockfileVersion": 1,
  "requires": true,
  "dependencies": {
    "@emotion/hash": {
      "version": "0.7.4",
      "resolved": "https://registry.npmjs.org/@emotion/hash/-/hash-0.7.4.tgz",
      "integrity": "sha512-fxfMSBMX3tlIbKUdtGKxqB1fyrH6gVrX39Gsv3y8lRYKUqlgDt3UMqQyGnR1bQMa2B8aGnhLZokZgg8vT0Le+A=="
    },
    "css-in-js-utils": {
      "version": "2.0.1",
      "resolved": "https://registry.npmjs.org/css-in-js-utils/-/css-in-js-utils-2.0.1.tgz",
      "integrity": "sha512-PJF0SpJT+WdbVVt0AOYp9C8GnuruRlL/UFW7932nLWmFLQTaWEzTBQEx7/hn4BuV+WON75iAViSUJLiU3PKbpA==",
      "requires": {
        "hyphenate-style-name": "1.0.4",
        "isobject": "3.0.1"
      }
    },
    "hyphenate-style-name": {
      "version": "1.0.4",
      "resolved": "https://registry.npmjs.org/hyphenate-style-name/-/hyphenate-style-name-1.0.4.tgz",
      "integrity": "sha512-ygGZLjmXfPHj+ZWh6LwbC37l43MhfztxetbFCoYTM2VjkIUpeHgSNn7QIyVFj7YQ1Wl9Cbw5sholVJPzWvC2MQ=="
    },
    "inline-style-prefixer": {
      "version": "5.1.2",
      "resolved": "https://registry.npmjs.org/inline-style-prefixer/-/inline-style-prefixer-5.1.2.tgz",
      "integrity": "sha512-PYUF+94gDfhy+LsQxM0g3d6Hge4l1pAqOSOiZuHWzMvQEGsbRQ/ck2WioLqrY2ZkHyPgVUXxn+hrkF7D6QUGbA==",
      "requires": {
        "css-in-js-utils": "2.0.1"
      }
    },
    "isobject": {
      "version": "3.0.1",
      "resolved": "https://registry.npmjs.org/isobject/-/isobject-3.0.1.tgz",
      "integrity": "sha1-TkMekrEalzFjaqH5yNHMvP2reN8="
    },
    "js-tokens": {
      "version": "4.0.0",
      "resolved": "https://registry.npmjs.org/js-tokens/-/js-tokens-4.0.0.tgz",
      "integrity": "sha512-RdJUflcE3cUzKiMqQgsCu06FPu9UdIJO0beYbPhHN4k6apgJtifcoCtT9bcxOpYBtpD2kCM6Sbzg4CausW/PKQ=="
    },
    "loose-envify": {
      "version": "1.4.0",
      "resolved": "https://registry.npmjs.org/loose-envify/-/loose-envify-1.4.0.tgz",
      "integrity": "sha512-lyuxPGr/Wfhrlem2CL/UcnUc1zcqKAImBDzukY7Y5F/yQiNdko6+fRLevlw1HgMySw7f611UIY408EtxRSoK3Q==",
      "requires": {
        "js-tokens": "4.0.0"
      }
    },
    "object-assign": {
      "version": "4.1.1",
      "resolved": "https://registry.npmjs.org/object-assign/-/object-assign-4.1.1.tgz",
      "integrity": "sha1-IQmtx5ZYh8/AXLvUQsrIv7s2CGM="
    },
    "prop-types": {
      "version": "15.7.2",
      "resolved": "https://registry.npmjs.org/prop-types/-/prop-types-15.7.2.tgz",
      "integrity": "sha512-8QQikdH7//R2vurIJSutZ1smHYTcLpRWEOlHnzcWHmBYrOGUysKwSsrC89BCiFj3CbrfJ/nXFdJepOVrY1GCHQ==",
      "requires": {
        "loose-envify": "1.4.0",
        "object-assign": "4.1.1",
        "react-is": "16.13.1"
      }
    },
    "react-is": {
      "version": "16.13.1",
      "resolved": "https://registry.npmjs.org/react-is/-/react-is-16.13.1.tgz",
      "integrity": "sha512-24e6ynE2H+OKt4kqsOvNd8kBpV65zoxbA4BVsEOB3ARVWQki/DHzaUoC5KuON/BiccDaCCTZBuOcfZs70kR8bQ=="
    },
    "ui-box": {
      "version": "5.0.0",
      "resolved": "https://registry.npmjs.org/ui-box/-/ui-box-5.0.0.tgz",
      "integrity": "sha512-DJZZKe8UoB1e6hNenNniO3ror9ER57EG5k+fOUm17vrLnU2T4vhoTnWGoStewXJzQ4Ur9ox9Xk4kljVKFpXlzQ==",
      "requires": {
        "@emotion/hash": "0.7.4",
        "inline-style-prefixer": "5.1.2",
        "prop-types": "15.7.2"
      }
    }
  }
}
